{
  "nodes": {
    "naersk": {
      "inputs": {
        "nixpkgs": [
          "nixpkgs"
        ]
      },
      "locked": {
        "lastModified": 1639947939,
        "narHash": "sha256-pGsM8haJadVP80GFq4xhnSpNitYNQpaXk4cnA796Cso=",
        "owner": "nix-community",
        "repo": "naersk",
        "rev": "2fc8ce9d3c025d59fee349c1f80be9785049d653",
        "type": "github"
      },
      "original": {
        "owner": "nix-community",
        "repo": "naersk",
        "type": "github"
      }
    },
    "nixpkgs": {
      "locked": {
        "lastModified": 1643199069,
        "narHash": "sha256-c+ZO7SSN4aYZaTT0JsO0YWEtO7r7VfP4/RtPMe1h8pE=",
        "owner": "NixOS",
        "repo": "nixpkgs",
        "rev": "65caf7cf6d705b61e053dc93e21249f8b7cf8dbf",
        "type": "github"
      },
      "original": {
        "id": "nixpkgs",
        "ref": "release-21.11",
        "type": "indirect"
      }
    },
    "pmd_hack_archive_server": {
      "inputs": {
        "naersk": [
          "naersk"
        ],
        "nixpkgs": [
          "nixpkgs"
        ],
        "utils": "utils"
      },
      "locked": {
        "lastModified": 1641232064,
        "narHash": "sha256-WqsgP5D9nu8NlWfSmK/8XG2axLTX7Yvj4H491zUKcDk=",
        "owner": "marius851000",
        "repo": "hack_archive_server",
        "rev": "8a7c6a4528ff9b0c4ac3a0c730610d2ec901842c",
        "type": "github"
      },
      "original": {
        "owner": "marius851000",
        "repo": "hack_archive_server",
        "type": "github"
      }
    },
    "root": {
      "inputs": {
        "naersk": "naersk",
        "nixpkgs": "nixpkgs",
        "pmd_hack_archive_server": "pmd_hack_archive_server"
      }
    },
    "utils": {
      "locked": {
        "lastModified": 1637014545,
        "narHash": "sha256-26IZAc5yzlD9FlDT54io1oqG/bBoyka+FJk5guaX4x4=",
        "owner": "numtide",
        "repo": "flake-utils",
        "rev": "bba5dcc8e0b20ab664967ad83d24d64cb64ec4f4",
        "type": "github"
      },
      "original": {
        "owner": "numtide",
        "repo": "flake-utils",
        "type": "github"
      }
    }
  },
  "root": "root",
  "version": 7
}
